// !$*UTF8*$!
{
	archiveVersion = 1;
	classes = {
	};
	objectVersion = 56;
	objects = {

/* Begin PBXBuildFile section */
		54315FEF2A2212C6007EE136 /* iFixFloat in Frameworks */ = {isa = PBXBuildFile; productRef = 54315FEE2A2212C6007EE136 /* iFixFloat */; };
		54315FF42A221352007EE136 /* iShape in Frameworks */ = {isa = PBXBuildFile; productRef = 54315FF32A221352007EE136 /* iShape */; };
		54649BA829BF5FAB00A0D526 /* iShapeDebugApp.swift in Sources */ = {isa = PBXBuildFile; fileRef = 54649BA729BF5FAB00A0D526 /* iShapeDebugApp.swift */; };
		54649BAC29BF5FAD00A0D526 /* Assets.xcassets in Resources */ = {isa = PBXBuildFile; fileRef = 54649BAB29BF5FAD00A0D526 /* Assets.xcassets */; };
		54649BB029BF5FAD00A0D526 /* Preview Assets.xcassets in Resources */ = {isa = PBXBuildFile; fileRef = 54649BAF29BF5FAD00A0D526 /* Preview Assets.xcassets */; };
		54EBAF7E2A5BF9B700E4E31F /* MainView.swift in Sources */ = {isa = PBXBuildFile; fileRef = 54EBAF7D2A5BF9B700E4E31F /* MainView.swift */; };
		54EBAF802A5BF9C800E4E31F /* MainViewModel.swift in Sources */ = {isa = PBXBuildFile; fileRef = 54EBAF7F2A5BF9C800E4E31F /* MainViewModel.swift */; };
		54EBAF832A5BFA1900E4E31F /* SceneContainer.swift in Sources */ = {isa = PBXBuildFile; fileRef = 54EBAF822A5BFA1900E4E31F /* SceneContainer.swift */; };
		54EBAF862A5BFA4000E4E31F /* TestStore.swift in Sources */ = {isa = PBXBuildFile; fileRef = 54EBAF852A5BFA4000E4E31F /* TestStore.swift */; };
		54EBAF892A5BFBA500E4E31F /* AreaScene.swift in Sources */ = {isa = PBXBuildFile; fileRef = 54EBAF882A5BFBA500E4E31F /* AreaScene.swift */; };
		54EBAF8B2A5BFBB300E4E31F /* AreaSceneView.swift in Sources */ = {isa = PBXBuildFile; fileRef = 54EBAF8A2A5BFBB300E4E31F /* AreaSceneView.swift */; };
		54EBAF8D2A5BFBEA00E4E31F /* AreaTestStore.swift in Sources */ = {isa = PBXBuildFile; fileRef = 54EBAF8C2A5BFBEA00E4E31F /* AreaTestStore.swift */; };
		54EBAF902A5BFEE800E4E31F /* EdgeScene.swift in Sources */ = {isa = PBXBuildFile; fileRef = 54EBAF8F2A5BFEE800E4E31F /* EdgeScene.swift */; };
		54EBAF922A5BFEF500E4E31F /* EdgeSceneView.swift in Sources */ = {isa = PBXBuildFile; fileRef = 54EBAF912A5BFEF500E4E31F /* EdgeSceneView.swift */; };
		54EBAF942A5C004400E4E31F /* iDebug in Frameworks */ = {isa = PBXBuildFile; productRef = 54EBAF932A5C004400E4E31F /* iDebug */; };
		54EBAF962A5C023C00E4E31F /* EdgeTestStore.swift in Sources */ = {isa = PBXBuildFile; fileRef = 54EBAF952A5C023C00E4E31F /* EdgeTestStore.swift */; };
/* End PBXBuildFile section */

/* Begin PBXFileReference section */
		54649BA429BF5FAB00A0D526 /* iShapeDebug.app */ = {isa = PBXFileReference; explicitFileType = wrapper.application; includeInIndex = 0; path = iShapeDebug.app; sourceTree = BUILT_PRODUCTS_DIR; };
		54649BA729BF5FAB00A0D526 /* iShapeDebugApp.swift */ = {isa = PBXFileReference; lastKnownFileType = sourcecode.swift; path = iShapeDebugApp.swift; sourceTree = "<group>"; };
		54649BAB29BF5FAD00A0D526 /* Assets.xcassets */ = {isa = PBXFileReference; lastKnownFileType = folder.assetcatalog; path = Assets.xcassets; sourceTree = "<group>"; };
		54649BAD29BF5FAD00A0D526 /* iShapeDebug.entitlements */ = {isa = PBXFileReference; lastKnownFileType = text.plist.entitlements; path = iShapeDebug.entitlements; sourceTree = "<group>"; };
		54649BAF29BF5FAD00A0D526 /* Preview Assets.xcassets */ = {isa = PBXFileReference; lastKnownFileType = folder.assetcatalog; path = "Preview Assets.xcassets"; sourceTree = "<group>"; };
		54EBAF782A5BF8C600E4E31F /* iFixFloat */ = {isa = PBXFileReference; lastKnownFileType = wrapper; name = iFixFloat; path = ../../iFixFloat; sourceTree = "<group>"; };
		54EBAF792A5BF8D900E4E31F /* iShape */ = {isa = PBXFileReference; lastKnownFileType = wrapper; name = iShape; path = ../../iShape; sourceTree = "<group>"; };
		54EBAF7A2A5BF8E400E4E31F /* iDebug */ = {isa = PBXFileReference; lastKnownFileType = wrapper; name = iDebug; path = ../../iDebug; sourceTree = "<group>"; };
		54EBAF7D2A5BF9B700E4E31F /* MainView.swift */ = {isa = PBXFileReference; lastKnownFileType = sourcecode.swift; path = MainView.swift; sourceTree = "<group>"; };
		54EBAF7F2A5BF9C800E4E31F /* MainViewModel.swift */ = {isa = PBXFileReference; lastKnownFileType = sourcecode.swift; path = MainViewModel.swift; sourceTree = "<group>"; };
		54EBAF822A5BFA1900E4E31F /* SceneContainer.swift */ = {isa = PBXFileReference; lastKnownFileType = sourcecode.swift; path = SceneContainer.swift; sourceTree = "<group>"; };
		54EBAF852A5BFA4000E4E31F /* TestStore.swift */ = {isa = PBXFileReference; lastKnownFileType = sourcecode.swift; path = TestStore.swift; sourceTree = "<group>"; };
		54EBAF882A5BFBA500E4E31F /* AreaScene.swift */ = {isa = PBXFileReference; lastKnownFileType = sourcecode.swift; path = AreaScene.swift; sourceTree = "<group>"; };
		54EBAF8A2A5BFBB300E4E31F /* AreaSceneView.swift */ = {isa = PBXFileReference; lastKnownFileType = sourcecode.swift; path = AreaSceneView.swift; sourceTree = "<group>"; };
		54EBAF8C2A5BFBEA00E4E31F /* AreaTestStore.swift */ = {isa = PBXFileReference; lastKnownFileType = sourcecode.swift; path = AreaTestStore.swift; sourceTree = "<group>"; };
		54EBAF8F2A5BFEE800E4E31F /* EdgeScene.swift */ = {isa = PBXFileReference; lastKnownFileType = sourcecode.swift; path = EdgeScene.swift; sourceTree = "<group>"; };
		54EBAF912A5BFEF500E4E31F /* EdgeSceneView.swift */ = {isa = PBXFileReference; lastKnownFileType = sourcecode.swift; path = EdgeSceneView.swift; sourceTree = "<group>"; };
		54EBAF952A5C023C00E4E31F /* EdgeTestStore.swift */ = {isa = PBXFileReference; lastKnownFileType = sourcecode.swift; path = EdgeTestStore.swift; sourceTree = "<group>"; };
/* End PBXFileReference section */

/* Begin PBXFrameworksBuildPhase section */
		54649BA129BF5FAB00A0D526 /* Frameworks */ = {
			isa = PBXFrameworksBuildPhase;
			buildActionMask = 2147483647;
			files = (
				54EBAF942A5C004400E4E31F /* iDebug in Frameworks */,
				54315FF42A221352007EE136 /* iShape in Frameworks */,
				54315FEF2A2212C6007EE136 /* iFixFloat in Frameworks */,
			);
			runOnlyForDeploymentPostprocessing = 0;
		};
/* End PBXFrameworksBuildPhase section */

/* Begin PBXGroup section */
		54649B9B29BF5FAB00A0D526 = {
			isa = PBXGroup;
			children = (
				54DF341029C0673300ED1BF8 /* Packages */,
				54649BA629BF5FAB00A0D526 /* iShapeDebug */,
				54649BA529BF5FAB00A0D526 /* Products */,
				54DF341329C079B300ED1BF8 /* Frameworks */,
			);
			sourceTree = "<group>";
		};
		54649BA529BF5FAB00A0D526 /* Products */ = {
			isa = PBXGroup;
			children = (
				54649BA429BF5FAB00A0D526 /* iShapeDebug.app */,
			);
			name = Products;
			sourceTree = "<group>";
		};
		54649BA629BF5FAB00A0D526 /* iShapeDebug */ = {
			isa = PBXGroup;
			children = (
				54EBAF842A5BFA3200E4E31F /* Test */,
				54EBAF812A5BFA0A00E4E31F /* Scene */,
				54EBAF7C2A5BF9A000E4E31F /* Main */,
				54649BA729BF5FAB00A0D526 /* iShapeDebugApp.swift */,
				54649BAB29BF5FAD00A0D526 /* Assets.xcassets */,
				54649BAD29BF5FAD00A0D526 /* iShapeDebug.entitlements */,
				54649BAE29BF5FAD00A0D526 /* Preview Content */,
			);
			path = iShapeDebug;
			sourceTree = "<group>";
		};
		54649BAE29BF5FAD00A0D526 /* Preview Content */ = {
			isa = PBXGroup;
			children = (
				54649BAF29BF5FAD00A0D526 /* Preview Assets.xcassets */,
			);
			path = "Preview Content";
			sourceTree = "<group>";
		};
		54DF341029C0673300ED1BF8 /* Packages */ = {
			isa = PBXGroup;
			children = (
				54EBAF782A5BF8C600E4E31F /* iFixFloat */,
				54EBAF792A5BF8D900E4E31F /* iShape */,
				54EBAF7A2A5BF8E400E4E31F /* iDebug */,
			);
			name = Packages;
			sourceTree = "<group>";
		};
		54DF341329C079B300ED1BF8 /* Frameworks */ = {
			isa = PBXGroup;
			children = (
			);
			name = Frameworks;
			sourceTree = "<group>";
		};
		54EBAF7C2A5BF9A000E4E31F /* Main */ = {
			isa = PBXGroup;
			children = (
				54EBAF7D2A5BF9B700E4E31F /* MainView.swift */,
				54EBAF7F2A5BF9C800E4E31F /* MainViewModel.swift */,
			);
			path = Main;
			sourceTree = "<group>";
		};
		54EBAF812A5BFA0A00E4E31F /* Scene */ = {
			isa = PBXGroup;
			children = (
				54EBAF8E2A5BFE4400E4E31F /* Edge */,
				54EBAF872A5BFA8500E4E31F /* Area */,
				54EBAF822A5BFA1900E4E31F /* SceneContainer.swift */,
			);
			path = Scene;
			sourceTree = "<group>";
		};
		54EBAF842A5BFA3200E4E31F /* Test */ = {
			isa = PBXGroup;
			children = (
				54EBAF852A5BFA4000E4E31F /* TestStore.swift */,
			);
			path = Test;
			sourceTree = "<group>";
		};
		54EBAF872A5BFA8500E4E31F /* Area */ = {
			isa = PBXGroup;
			children = (
				54EBAF882A5BFBA500E4E31F /* AreaScene.swift */,
				54EBAF8A2A5BFBB300E4E31F /* AreaSceneView.swift */,
				54EBAF8C2A5BFBEA00E4E31F /* AreaTestStore.swift */,
			);
			path = Area;
			sourceTree = "<group>";
		};
		54EBAF8E2A5BFE4400E4E31F /* Edge */ = {
			isa = PBXGroup;
			children = (
				54EBAF8F2A5BFEE800E4E31F /* EdgeScene.swift */,
				54EBAF912A5BFEF500E4E31F /* EdgeSceneView.swift */,
				54EBAF952A5C023C00E4E31F /* EdgeTestStore.swift */,
			);
			path = Edge;
			sourceTree = "<group>";
		};
/* End PBXGroup section */

/* Begin PBXNativeTarget section */
		54649BA329BF5FAB00A0D526 /* iShapeDebug */ = {
			isa = PBXNativeTarget;
			buildConfigurationList = 54649BB329BF5FAD00A0D526 /* Build configuration list for PBXNativeTarget "iShapeDebug" */;
			buildPhases = (
				54649BA029BF5FAB00A0D526 /* Sources */,
				54649BA129BF5FAB00A0D526 /* Frameworks */,
				54649BA229BF5FAB00A0D526 /* Resources */,
			);
			buildRules = (
			);
			dependencies = (
			);
			name = iShapeDebug;
			packageProductDependencies = (
				54315FEE2A2212C6007EE136 /* iFixFloat */,
				54315FF32A221352007EE136 /* iShape */,
				54EBAF932A5C004400E4E31F /* iDebug */,
			);
			productName = iShapeDebug;
			productReference = 54649BA429BF5FAB00A0D526 /* iShapeDebug.app */;
			productType = "com.apple.product-type.application";
		};
/* End PBXNativeTarget section */

/* Begin PBXProject section */
		54649B9C29BF5FAB00A0D526 /* Project object */ = {
			isa = PBXProject;
			attributes = {
				BuildIndependentTargetsInParallel = 1;
				LastSwiftUpdateCheck = 1420;
				LastUpgradeCheck = 1420;
				TargetAttributes = {
					54649BA329BF5FAB00A0D526 = {
						CreatedOnToolsVersion = 14.2;
					};
				};
			};
			buildConfigurationList = 54649B9F29BF5FAB00A0D526 /* Build configuration list for PBXProject "iShapeDebug" */;
			compatibilityVersion = "Xcode 14.0";
			developmentRegion = en;
			hasScannedForEncodings = 0;
			knownRegions = (
				en,
				Base,
			);
			mainGroup = 54649B9B29BF5FAB00A0D526;
			productRefGroup = 54649BA529BF5FAB00A0D526 /* Products */;
			projectDirPath = "";
			projectRoot = "";
			targets = (
				54649BA329BF5FAB00A0D526 /* iShapeDebug */,
			);
		};
/* End PBXProject section */

/* Begin PBXResourcesBuildPhase section */
		54649BA229BF5FAB00A0D526 /* Resources */ = {
			isa = PBXResourcesBuildPhase;
			buildActionMask = 2147483647;
			files = (
				54649BB029BF5FAD00A0D526 /* Preview Assets.xcassets in Resources */,
				54649BAC29BF5FAD00A0D526 /* Assets.xcassets in Resources */,
			);
			runOnlyForDeploymentPostprocessing = 0;
		};
/* End PBXResourcesBuildPhase section */

/* Begin PBXSourcesBuildPhase section */
		54649BA029BF5FAB00A0D526 /* Sources */ = {
			isa = PBXSourcesBuildPhase;
			buildActionMask = 2147483647;
			files = (
				54EBAF832A5BFA1900E4E31F /* SceneContainer.swift in Sources */,
				54EBAF892A5BFBA500E4E31F /* AreaScene.swift in Sources */,
				54649BA829BF5FAB00A0D526 /* iShapeDebugApp.swift in Sources */,
				54EBAF7E2A5BF9B700E4E31F /* MainView.swift in Sources */,
				54EBAF8D2A5BFBEA00E4E31F /* AreaTestStore.swift in Sources */,
				54EBAF962A5C023C00E4E31F /* EdgeTestStore.swift in Sources */,
				54EBAF902A5BFEE800E4E31F /* EdgeScene.swift in Sources */,
				54EBAF922A5BFEF500E4E31F /* EdgeSceneView.swift in Sources */,
				54EBAF802A5BF9C800E4E31F /* MainViewModel.swift in Sources */,
				54EBAF862A5BFA4000E4E31F /* TestStore.swift in Sources */,
				54EBAF8B2A5BFBB300E4E31F /* AreaSceneView.swift in Sources */,
			);
			runOnlyForDeploymentPostprocessing = 0;
		};
/* End PBXSourcesBuildPhase section */

/* Begin XCBuildConfiguration section */
		54649BB129BF5FAD00A0D526 /* Debug */ = {
			isa = XCBuildConfiguration;
			buildSettings = {
				ALWAYS_SEARCH_USER_PATHS = NO;
				CLANG_ANALYZER_NONNULL = YES;
				CLANG_ANALYZER_NUMBER_OBJECT_CONVERSION = YES_AGGRESSIVE;
				CLANG_CXX_LANGUAGE_STANDARD = "gnu++20";
				CLANG_ENABLE_MODULES = YES;
				CLANG_ENABLE_OBJC_ARC = YES;
				CLANG_ENABLE_OBJC_WEAK = YES;
				CLANG_WARN_BLOCK_CAPTURE_AUTORELEASING = YES;
				CLANG_WARN_BOOL_CONVERSION = YES;
				CLANG_WARN_COMMA = YES;
				CLANG_WARN_CONSTANT_CONVERSION = YES;
				CLANG_WARN_DEPRECATED_OBJC_IMPLEMENTATIONS = YES;
				CLANG_WARN_DIRECT_OBJC_ISA_USAGE = YES_ERROR;
				CLANG_WARN_DOCUMENTATION_COMMENTS = YES;
				CLANG_WARN_EMPTY_BODY = YES;
				CLANG_WARN_ENUM_CONVERSION = YES;
				CLANG_WARN_INFINITE_RECURSION = YES;
				CLANG_WARN_INT_CONVERSION = YES;
				CLANG_WARN_NON_LITERAL_NULL_CONVERSION = YES;
				CLANG_WARN_OBJC_IMPLICIT_RETAIN_SELF = YES;
				CLANG_WARN_OBJC_LITERAL_CONVERSION = YES;
				CLANG_WARN_OBJC_ROOT_CLASS = YES_ERROR;
				CLANG_WARN_QUOTED_INCLUDE_IN_FRAMEWORK_HEADER = YES;
				CLANG_WARN_RANGE_LOOP_ANALYSIS = YES;
				CLANG_WARN_STRICT_PROTOTYPES = YES;
				CLANG_WARN_SUSPICIOUS_MOVE = YES;
				CLANG_WARN_UNGUARDED_AVAILABILITY = YES_AGGRESSIVE;
				CLANG_WARN_UNREACHABLE_CODE = YES;
				CLANG_WARN__DUPLICATE_METHOD_MATCH = YES;
				COPY_PHASE_STRIP = NO;
				DEBUG_INFORMATION_FORMAT = dwarf;
				ENABLE_STRICT_OBJC_MSGSEND = YES;
				ENABLE_TESTABILITY = YES;
				GCC_C_LANGUAGE_STANDARD = gnu11;
				GCC_DYNAMIC_NO_PIC = NO;
				GCC_NO_COMMON_BLOCKS = YES;
				GCC_OPTIMIZATION_LEVEL = 0;
				GCC_PREPROCESSOR_DEFINITIONS = (
					"DEBUG=1",
					"$(inherited)",
				);
				GCC_WARN_64_TO_32_BIT_CONVERSION = YES;
				GCC_WARN_ABOUT_RETURN_TYPE = YES_ERROR;
				GCC_WARN_UNDECLARED_SELECTOR = YES;
				GCC_WARN_UNINITIALIZED_AUTOS = YES_AGGRESSIVE;
				GCC_WARN_UNUSED_FUNCTION = YES;
				GCC_WARN_UNUSED_VARIABLE = YES;
				MTL_ENABLE_DEBUG_INFO = INCLUDE_SOURCE;
				MTL_FAST_MATH = YES;
				ONLY_ACTIVE_ARCH = YES;
				SWIFT_ACTIVE_COMPILATION_CONDITIONS = DEBUG;
				SWIFT_OPTIMIZATION_LEVEL = "-Onone";
			};
			name = Debug;
		};
		54649BB229BF5FAD00A0D526 /* Release */ = {
			isa = XCBuildConfiguration;
			buildSettings = {
				ALWAYS_SEARCH_USER_PATHS = NO;
				CLANG_ANALYZER_NONNULL = YES;
				CLANG_ANALYZER_NUMBER_OBJECT_CONVERSION = YES_AGGRESSIVE;
				CLANG_CXX_LANGUAGE_STANDARD = "gnu++20";
				CLANG_ENABLE_MODULES = YES;
				CLANG_ENABLE_OBJC_ARC = YES;
				CLANG_ENABLE_OBJC_WEAK = YES;
				CLANG_WARN_BLOCK_CAPTURE_AUTORELEASING = YES;
				CLANG_WARN_BOOL_CONVERSION = YES;
				CLANG_WARN_COMMA = YES;
				CLANG_WARN_CONSTANT_CONVERSION = YES;
				CLANG_WARN_DEPRECATED_OBJC_IMPLEMENTATIONS = YES;
				CLANG_WARN_DIRECT_OBJC_ISA_USAGE = YES_ERROR;
				CLANG_WARN_DOCUMENTATION_COMMENTS = YES;
				CLANG_WARN_EMPTY_BODY = YES;
				CLANG_WARN_ENUM_CONVERSION = YES;
				CLANG_WARN_INFINITE_RECURSION = YES;
				CLANG_WARN_INT_CONVERSION = YES;
				CLANG_WARN_NON_LITERAL_NULL_CONVERSION = YES;
				CLANG_WARN_OBJC_IMPLICIT_RETAIN_SELF = YES;
				CLANG_WARN_OBJC_LITERAL_CONVERSION = YES;
				CLANG_WARN_OBJC_ROOT_CLASS = YES_ERROR;
				CLANG_WARN_QUOTED_INCLUDE_IN_FRAMEWORK_HEADER = YES;
				CLANG_WARN_RANGE_LOOP_ANALYSIS = YES;
				CLANG_WARN_STRICT_PROTOTYPES = YES;
				CLANG_WARN_SUSPICIOUS_MOVE = YES;
				CLANG_WARN_UNGUARDED_AVAILABILITY = YES_AGGRESSIVE;
				CLANG_WARN_UNREACHABLE_CODE = YES;
				CLANG_WARN__DUPLICATE_METHOD_MATCH = YES;
				COPY_PHASE_STRIP = NO;
				DEBUG_INFORMATION_FORMAT = "dwarf-with-dsym";
				ENABLE_NS_ASSERTIONS = NO;
				ENABLE_STRICT_OBJC_MSGSEND = YES;
				GCC_C_LANGUAGE_STANDARD = gnu11;
				GCC_NO_COMMON_BLOCKS = YES;
				GCC_WARN_64_TO_32_BIT_CONVERSION = YES;
				GCC_WARN_ABOUT_RETURN_TYPE = YES_ERROR;
				GCC_WARN_UNDECLARED_SELECTOR = YES;
				GCC_WARN_UNINITIALIZED_AUTOS = YES_AGGRESSIVE;
				GCC_WARN_UNUSED_FUNCTION = YES;
				GCC_WARN_UNUSED_VARIABLE = YES;
				MTL_ENABLE_DEBUG_INFO = NO;
				MTL_FAST_MATH = YES;
				SWIFT_COMPILATION_MODE = wholemodule;
				SWIFT_OPTIMIZATION_LEVEL = "-O";
			};
			name = Release;
		};
		54649BB429BF5FAD00A0D526 /* Debug */ = {
			isa = XCBuildConfiguration;
			buildSettings = {
				ASSETCATALOG_COMPILER_APPICON_NAME = AppIcon;
				ASSETCATALOG_COMPILER_GLOBAL_ACCENT_COLOR_NAME = AccentColor;
				CODE_SIGN_ENTITLEMENTS = iShapeDebug/iShapeDebug.entitlements;
				CODE_SIGN_STYLE = Automatic;
				CURRENT_PROJECT_VERSION = 1;
				DEVELOPMENT_ASSET_PATHS = "../iShapeDebug iShapeDebug/Preview\\ Content";
				DEVELOPMENT_TEAM = HPV9E52JPX;
				ENABLE_HARDENED_RUNTIME = YES;
				ENABLE_PREVIEWS = YES;
				GENERATE_INFOPLIST_FILE = YES;
				INFOPLIST_KEY_LSApplicationCategoryType = "public.app-category.developer-tools";
				"INFOPLIST_KEY_UIApplicationSceneManifest_Generation[sdk=iphoneos*]" = YES;
				"INFOPLIST_KEY_UIApplicationSceneManifest_Generation[sdk=iphonesimulator*]" = YES;
				"INFOPLIST_KEY_UIApplicationSupportsIndirectInputEvents[sdk=iphoneos*]" = YES;
				"INFOPLIST_KEY_UIApplicationSupportsIndirectInputEvents[sdk=iphonesimulator*]" = YES;
				"INFOPLIST_KEY_UILaunchScreen_Generation[sdk=iphoneos*]" = YES;
				"INFOPLIST_KEY_UILaunchScreen_Generation[sdk=iphonesimulator*]" = YES;
				INFOPLIST_KEY_UIStatusBarStyle = "";
				"INFOPLIST_KEY_UIStatusBarStyle[sdk=iphoneos*]" = UIStatusBarStyleDefault;
				"INFOPLIST_KEY_UIStatusBarStyle[sdk=iphonesimulator*]" = UIStatusBarStyleDefault;
				INFOPLIST_KEY_UISupportedInterfaceOrientations_iPad = "UIInterfaceOrientationPortrait UIInterfaceOrientationPortraitUpsideDown UIInterfaceOrientationLandscapeLeft UIInterfaceOrientationLandscapeRight";
				INFOPLIST_KEY_UISupportedInterfaceOrientations_iPhone = "UIInterfaceOrientationPortrait UIInterfaceOrientationLandscapeLeft UIInterfaceOrientationLandscapeRight";
				IPHONEOS_DEPLOYMENT_TARGET = 16.0;
				LD_RUNPATH_SEARCH_PATHS = "@executable_path/Frameworks";
				"LD_RUNPATH_SEARCH_PATHS[sdk=macosx*]" = "@executable_path/../Frameworks";
				MACOSX_DEPLOYMENT_TARGET = 13.0;
				MARKETING_VERSION = 1.0;
				PRODUCT_BUNDLE_IDENTIFIER = com.nail.iShapeDebug;
				PRODUCT_NAME = "$(TARGET_NAME)";
				SDKROOT = macosx;
				SUPPORTED_PLATFORMS = "iphoneos iphonesimulator macosx";
				SWIFT_EMIT_LOC_STRINGS = YES;
				SWIFT_VERSION = 5.0;
				TARGETED_DEVICE_FAMILY = "1,2";
			};
			name = Debug;
		};
		54649BB529BF5FAD00A0D526 /* Release */ = {
			isa = XCBuildConfiguration;
			buildSettings = {
				ASSETCATALOG_COMPILER_APPICON_NAME = AppIcon;
				ASSETCATALOG_COMPILER_GLOBAL_ACCENT_COLOR_NAME = AccentColor;
				CODE_SIGN_ENTITLEMENTS = iShapeDebug/iShapeDebug.entitlements;
				CODE_SIGN_STYLE = Automatic;
				CURRENT_PROJECT_VERSION = 1;
				DEVELOPMENT_ASSET_PATHS = "../iShapeDebug iShapeDebug/Preview\\ Content";
				DEVELOPMENT_TEAM = HPV9E52JPX;
				ENABLE_HARDENED_RUNTIME = YES;
				ENABLE_PREVIEWS = YES;
				GENERATE_INFOPLIST_FILE = YES;
				INFOPLIST_KEY_LSApplicationCategoryType = "public.app-category.developer-tools";
				"INFOPLIST_KEY_UIApplicationSceneManifest_Generation[sdk=iphoneos*]" = YES;
				"INFOPLIST_KEY_UIApplicationSceneManifest_Generation[sdk=iphonesimulator*]" = YES;
				"INFOPLIST_KEY_UIApplicationSupportsIndirectInputEvents[sdk=iphoneos*]" = YES;
				"INFOPLIST_KEY_UIApplicationSupportsIndirectInputEvents[sdk=iphonesimulator*]" = YES;
				"INFOPLIST_KEY_UILaunchScreen_Generation[sdk=iphoneos*]" = YES;
				"INFOPLIST_KEY_UILaunchScreen_Generation[sdk=iphonesimulator*]" = YES;
				INFOPLIST_KEY_UIStatusBarStyle = "";
				"INFOPLIST_KEY_UIStatusBarStyle[sdk=iphoneos*]" = UIStatusBarStyleDefault;
				"INFOPLIST_KEY_UIStatusBarStyle[sdk=iphonesimulator*]" = UIStatusBarStyleDefault;
				INFOPLIST_KEY_UISupportedInterfaceOrientations_iPad = "UIInterfaceOrientationPortrait UIInterfaceOrientationPortraitUpsideDown UIInterfaceOrientationLandscapeLeft UIInterfaceOrientationLandscapeRight";
				INFOPLIST_KEY_UISupportedInterfaceOrientations_iPhone = "UIInterfaceOrientationPortrait UIInterfaceOrientationLandscapeLeft UIInterfaceOrientationLandscapeRight";
				IPHONEOS_DEPLOYMENT_TARGET = 16.0;
				LD_RUNPATH_SEARCH_PATHS = "@executable_path/Frameworks";
				"LD_RUNPATH_SEARCH_PATHS[sdk=macosx*]" = "@executable_path/../Frameworks";
				MACOSX_DEPLOYMENT_TARGET = 13.0;
				MARKETING_VERSION = 1.0;
				PRODUCT_BUNDLE_IDENTIFIER = com.nail.iShapeDebug;
				PRODUCT_NAME = "$(TARGET_NAME)";
				SDKROOT = macosx;
				SUPPORTED_PLATFORMS = "iphoneos iphonesimulator macosx";
				SWIFT_EMIT_LOC_STRINGS = YES;
				SWIFT_VERSION = 5.0;
				TARGETED_DEVICE_FAMILY = "1,2";
			};
			name = Release;
		};
/* End XCBuildConfiguration section */

/* Begin XCConfigurationList section */
		54649B9F29BF5FAB00A0D526 /* Build configuration list for PBXProject "iShapeDebug" */ = {
			isa = XCConfigurationList;
			buildConfigurations = (
				54649BB129BF5FAD00A0D526 /* Debug */,
				54649BB229BF5FAD00A0D526 /* Release */,
			);
			defaultConfigurationIsVisible = 0;
			defaultConfigurationName = Release;
		};
		54649BB329BF5FAD00A0D526 /* Build configuration list for PBXNativeTarget "iShapeDebug" */ = {
			isa = XCConfigurationList;
			buildConfigurations = (
				54649BB429BF5FAD00A0D526 /* Debug */,
				54649BB529BF5FAD00A0D526 /* Release */,
			);
			defaultConfigurationIsVisible = 0;
			defaultConfigurationName = Release;
		};
/* End XCConfigurationList section */

/* Begin XCSwiftPackageProductDependency section */
		54315FEE2A2212C6007EE136 /* iFixFloat */ = {
			isa = XCSwiftPackageProductDependency;
			productName = iFixFloat;
		};
		54315FF32A221352007EE136 /* iShape */ = {
			isa = XCSwiftPackageProductDependency;
			productName = iShape;
		};
		54EBAF932A5C004400E4E31F /* iDebug */ = {
			isa = XCSwiftPackageProductDependency;
			productName = iDebug;
		};
/* End XCSwiftPackageProductDependency section */
	};
	rootObject = 54649B9C29BF5FAB00A0D526 /* Project object */;
}
