// !$*UTF8*$!
{
	archiveVersion = 1;
	classes = {
	};
	objectVersion = 56;
	objects = {

/* Begin PBXBuildFile section */
		54649BA829BF5FAB00A0D526 /* iShapeDebugApp.swift in Sources */ = {isa = PBXBuildFile; fileRef = 54649BA729BF5FAB00A0D526 /* iShapeDebugApp.swift */; };
		54649BAA29BF5FAB00A0D526 /* MainView.swift in Sources */ = {isa = PBXBuildFile; fileRef = 54649BA929BF5FAB00A0D526 /* MainView.swift */; };
		54649BAC29BF5FAD00A0D526 /* Assets.xcassets in Resources */ = {isa = PBXBuildFile; fileRef = 54649BAB29BF5FAD00A0D526 /* Assets.xcassets */; };
		54649BB029BF5FAD00A0D526 /* Preview Assets.xcassets in Resources */ = {isa = PBXBuildFile; fileRef = 54649BAF29BF5FAD00A0D526 /* Preview Assets.xcassets */; };
		54649BB829BF640300A0D526 /* Main+ViewModel.swift in Sources */ = {isa = PBXBuildFile; fileRef = 54649BB729BF640300A0D526 /* Main+ViewModel.swift */; };
		54649BBB29BF650B00A0D526 /* WorkSpace.swift in Sources */ = {isa = PBXBuildFile; fileRef = 54649BBA29BF650B00A0D526 /* WorkSpace.swift */; };
		54649BBE29BF9A5D00A0D526 /* Matrix.swift in Sources */ = {isa = PBXBuildFile; fileRef = 54649BBD29BF9A5D00A0D526 /* Matrix.swift */; };
		54649BC029BF9A6B00A0D526 /* CGPoint+Vector.swift in Sources */ = {isa = PBXBuildFile; fileRef = 54649BBF29BF9A6B00A0D526 /* CGPoint+Vector.swift */; };
		54649BC429BFA0C300A0D526 /* ContourEditor.swift in Sources */ = {isa = PBXBuildFile; fileRef = 54649BC329BFA0C300A0D526 /* ContourEditor.swift */; };
		54649BC629BFA0D300A0D526 /* ContourEditorView.swift in Sources */ = {isa = PBXBuildFile; fileRef = 54649BC529BFA0D300A0D526 /* ContourEditorView.swift */; };
		54C1E35729CF478900C304CE /* AnchorSpace.swift in Sources */ = {isa = PBXBuildFile; fileRef = 54C1E35629CF478900C304CE /* AnchorSpace.swift */; };
		54C1E35929CF479C00C304CE /* AnchorSpaceView.swift in Sources */ = {isa = PBXBuildFile; fileRef = 54C1E35829CF479C00C304CE /* AnchorSpaceView.swift */; };
		54C1E35C29CF484A00C304CE /* VectorShape.swift in Sources */ = {isa = PBXBuildFile; fileRef = 54C1E35B29CF484A00C304CE /* VectorShape.swift */; };
		54C1E35E29CF5A9300C304CE /* AnchorSolver.swift in Sources */ = {isa = PBXBuildFile; fileRef = 54C1E35D29CF5A9300C304CE /* AnchorSolver.swift */; };
		54D8AEDF29C5EBB500D78857 /* TriangulationSpaceView.swift in Sources */ = {isa = PBXBuildFile; fileRef = 54D8AEDE29C5EBB500D78857 /* TriangulationSpaceView.swift */; };
		54D8AEE229C5ED3400D78857 /* Edge.swift in Sources */ = {isa = PBXBuildFile; fileRef = 54D8AEE129C5ED3400D78857 /* Edge.swift */; };
		54D8AEE429C5ED3F00D78857 /* EdgeKey.swift in Sources */ = {isa = PBXBuildFile; fileRef = 54D8AEE329C5ED3F00D78857 /* EdgeKey.swift */; };
		54D8AEE729C5EFC800D78857 /* TestNavigator.swift in Sources */ = {isa = PBXBuildFile; fileRef = 54D8AEE629C5EFC800D78857 /* TestNavigator.swift */; };
		54D8AEE929C5F00000D78857 /* TestNavigatorView.swift in Sources */ = {isa = PBXBuildFile; fileRef = 54D8AEE829C5F00000D78857 /* TestNavigatorView.swift */; };
		54D8AEEC29C5FCA700D78857 /* PersistInt.swift in Sources */ = {isa = PBXBuildFile; fileRef = 54D8AEEB29C5FCA700D78857 /* PersistInt.swift */; };
		54D8D26229C9A7BE00EA6F66 /* CornerSpace.swift in Sources */ = {isa = PBXBuildFile; fileRef = 54D8D26129C9A7BE00EA6F66 /* CornerSpace.swift */; };
		54D8D26429C9A81600EA6F66 /* CornerSpaceView.swift in Sources */ = {isa = PBXBuildFile; fileRef = 54D8D26329C9A81600EA6F66 /* CornerSpaceView.swift */; };
		54D8D26729C9A8B600EA6F66 /* PointsEditor.swift in Sources */ = {isa = PBXBuildFile; fileRef = 54D8D26629C9A8B600EA6F66 /* PointsEditor.swift */; };
		54D8D26929C9A8C800EA6F66 /* PointsEditorView.swift in Sources */ = {isa = PBXBuildFile; fileRef = 54D8D26829C9A8C800EA6F66 /* PointsEditorView.swift */; };
		54D8D26C29C9A90000EA6F66 /* EditorDot.swift in Sources */ = {isa = PBXBuildFile; fileRef = 54D8D26B29C9A90000EA6F66 /* EditorDot.swift */; };
		54D8D26E29C9D0E800EA6F66 /* Dot.swift in Sources */ = {isa = PBXBuildFile; fileRef = 54D8D26D29C9D0E800EA6F66 /* Dot.swift */; };
		54DA4EDB29CADBFB0055B5C0 /* RoundContourSpace.swift in Sources */ = {isa = PBXBuildFile; fileRef = 54DA4EDA29CADBFB0055B5C0 /* RoundContourSpace.swift */; };
		54DA4EDD29CADC070055B5C0 /* RoundContourSpaceView.swift in Sources */ = {isa = PBXBuildFile; fileRef = 54DA4EDC29CADC070055B5C0 /* RoundContourSpaceView.swift */; };
		54DA4EE029CB1AC90055B5C0 /* SplitSpace.swift in Sources */ = {isa = PBXBuildFile; fileRef = 54DA4EDF29CB1AC90055B5C0 /* SplitSpace.swift */; };
		54DA4EE229CB1AD60055B5C0 /* SplitSpaceView.swift in Sources */ = {isa = PBXBuildFile; fileRef = 54DA4EE129CB1AD60055B5C0 /* SplitSpaceView.swift */; };
		54DB42BD29C4DAF300072E51 /* FixSpaceView.swift in Sources */ = {isa = PBXBuildFile; fileRef = 54DB42BC29C4DAF300072E51 /* FixSpaceView.swift */; };
		54DB42BF29C4DB1400072E51 /* FixSpace.swift in Sources */ = {isa = PBXBuildFile; fileRef = 54DB42BE29C4DB1400072E51 /* FixSpace.swift */; };
		54DBBC0829C891BB0099F8B7 /* TesselationSpace.swift in Sources */ = {isa = PBXBuildFile; fileRef = 54DBBC0729C891BB0099F8B7 /* TesselationSpace.swift */; };
		54DBBC0A29C891CE0099F8B7 /* TesselationSpaceView.swift in Sources */ = {isa = PBXBuildFile; fileRef = 54DBBC0929C891CE0099F8B7 /* TesselationSpaceView.swift */; };
		54DF340929C05EB200ED1BF8 /* TriangulationSpace.swift in Sources */ = {isa = PBXBuildFile; fileRef = 54DF340829C05EB200ED1BF8 /* TriangulationSpace.swift */; };
		54DF340D29C05FD600ED1BF8 /* CGSize+Compare.swift in Sources */ = {isa = PBXBuildFile; fileRef = 54DF340C29C05FD600ED1BF8 /* CGSize+Compare.swift */; };
		54DF340F29C0643E00ED1BF8 /* TriangulationData.swift in Sources */ = {isa = PBXBuildFile; fileRef = 54DF340E29C0643E00ED1BF8 /* TriangulationData.swift */; };
		54DF341529C079B300ED1BF8 /* iShape in Frameworks */ = {isa = PBXBuildFile; productRef = 54DF341429C079B300ED1BF8 /* iShape */; };
		54DF342C29C0844300ED1BF8 /* ShapeEditor.swift in Sources */ = {isa = PBXBuildFile; fileRef = 54DF342B29C0844300ED1BF8 /* ShapeEditor.swift */; };
		54DF342E29C085B900ED1BF8 /* ShapeEditorView.swift in Sources */ = {isa = PBXBuildFile; fileRef = 54DF342D29C085B900ED1BF8 /* ShapeEditorView.swift */; };
		54E4FFB229E1A35000804447 /* iNetBox in Frameworks */ = {isa = PBXBuildFile; productRef = 54E4FFB129E1A35000804447 /* iNetBox */; };
		54E4FFB429E1A35000804447 /* iSpace in Frameworks */ = {isa = PBXBuildFile; productRef = 54E4FFB329E1A35000804447 /* iSpace */; };
		54E4FFB729E1A50D00804447 /* ConvexSpace.swift in Sources */ = {isa = PBXBuildFile; fileRef = 54E4FFB629E1A50D00804447 /* ConvexSpace.swift */; };
		54E4FFB929E1A51B00804447 /* ConvexSpaceView.swift in Sources */ = {isa = PBXBuildFile; fileRef = 54E4FFB829E1A51B00804447 /* ConvexSpaceView.swift */; };
		54EF051829C588D30099AB84 /* Color+hex.swift in Sources */ = {isa = PBXBuildFile; fileRef = 54EF051729C588D30099AB84 /* Color+hex.swift */; };
		54EF051A29C588DF0099AB84 /* ColorStore.swift in Sources */ = {isa = PBXBuildFile; fileRef = 54EF051929C588DF0099AB84 /* ColorStore.swift */; };
/* End PBXBuildFile section */

/* Begin PBXFileReference section */
		54649BA429BF5FAB00A0D526 /* iShapeDebug.app */ = {isa = PBXFileReference; explicitFileType = wrapper.application; includeInIndex = 0; path = iShapeDebug.app; sourceTree = BUILT_PRODUCTS_DIR; };
		54649BA729BF5FAB00A0D526 /* iShapeDebugApp.swift */ = {isa = PBXFileReference; lastKnownFileType = sourcecode.swift; path = iShapeDebugApp.swift; sourceTree = "<group>"; };
		54649BA929BF5FAB00A0D526 /* MainView.swift */ = {isa = PBXFileReference; lastKnownFileType = sourcecode.swift; path = MainView.swift; sourceTree = "<group>"; };
		54649BAB29BF5FAD00A0D526 /* Assets.xcassets */ = {isa = PBXFileReference; lastKnownFileType = folder.assetcatalog; path = Assets.xcassets; sourceTree = "<group>"; };
		54649BAD29BF5FAD00A0D526 /* iShapeDebug.entitlements */ = {isa = PBXFileReference; lastKnownFileType = text.plist.entitlements; path = iShapeDebug.entitlements; sourceTree = "<group>"; };
		54649BAF29BF5FAD00A0D526 /* Preview Assets.xcassets */ = {isa = PBXFileReference; lastKnownFileType = folder.assetcatalog; path = "Preview Assets.xcassets"; sourceTree = "<group>"; };
		54649BB729BF640300A0D526 /* Main+ViewModel.swift */ = {isa = PBXFileReference; lastKnownFileType = sourcecode.swift; path = "Main+ViewModel.swift"; sourceTree = "<group>"; };
		54649BBA29BF650B00A0D526 /* WorkSpace.swift */ = {isa = PBXFileReference; lastKnownFileType = sourcecode.swift; path = WorkSpace.swift; sourceTree = "<group>"; };
		54649BBD29BF9A5D00A0D526 /* Matrix.swift */ = {isa = PBXFileReference; lastKnownFileType = sourcecode.swift; path = Matrix.swift; sourceTree = "<group>"; };
		54649BBF29BF9A6B00A0D526 /* CGPoint+Vector.swift */ = {isa = PBXFileReference; lastKnownFileType = sourcecode.swift; path = "CGPoint+Vector.swift"; sourceTree = "<group>"; };
		54649BC329BFA0C300A0D526 /* ContourEditor.swift */ = {isa = PBXFileReference; lastKnownFileType = sourcecode.swift; path = ContourEditor.swift; sourceTree = "<group>"; };
		54649BC529BFA0D300A0D526 /* ContourEditorView.swift */ = {isa = PBXFileReference; lastKnownFileType = sourcecode.swift; path = ContourEditorView.swift; sourceTree = "<group>"; };
		54C1E35629CF478900C304CE /* AnchorSpace.swift */ = {isa = PBXFileReference; lastKnownFileType = sourcecode.swift; path = AnchorSpace.swift; sourceTree = "<group>"; };
		54C1E35829CF479C00C304CE /* AnchorSpaceView.swift */ = {isa = PBXFileReference; lastKnownFileType = sourcecode.swift; path = AnchorSpaceView.swift; sourceTree = "<group>"; };
		54C1E35B29CF484A00C304CE /* VectorShape.swift */ = {isa = PBXFileReference; lastKnownFileType = sourcecode.swift; path = VectorShape.swift; sourceTree = "<group>"; };
		54C1E35D29CF5A9300C304CE /* AnchorSolver.swift */ = {isa = PBXFileReference; lastKnownFileType = sourcecode.swift; path = AnchorSolver.swift; sourceTree = "<group>"; };
		54D8AEDE29C5EBB500D78857 /* TriangulationSpaceView.swift */ = {isa = PBXFileReference; lastKnownFileType = sourcecode.swift; path = TriangulationSpaceView.swift; sourceTree = "<group>"; };
		54D8AEE129C5ED3400D78857 /* Edge.swift */ = {isa = PBXFileReference; lastKnownFileType = sourcecode.swift; path = Edge.swift; sourceTree = "<group>"; };
		54D8AEE329C5ED3F00D78857 /* EdgeKey.swift */ = {isa = PBXFileReference; lastKnownFileType = sourcecode.swift; path = EdgeKey.swift; sourceTree = "<group>"; };
		54D8AEE629C5EFC800D78857 /* TestNavigator.swift */ = {isa = PBXFileReference; lastKnownFileType = sourcecode.swift; path = TestNavigator.swift; sourceTree = "<group>"; };
		54D8AEE829C5F00000D78857 /* TestNavigatorView.swift */ = {isa = PBXFileReference; lastKnownFileType = sourcecode.swift; path = TestNavigatorView.swift; sourceTree = "<group>"; };
		54D8AEEB29C5FCA700D78857 /* PersistInt.swift */ = {isa = PBXFileReference; lastKnownFileType = sourcecode.swift; path = PersistInt.swift; sourceTree = "<group>"; };
		54D8D26129C9A7BE00EA6F66 /* CornerSpace.swift */ = {isa = PBXFileReference; lastKnownFileType = sourcecode.swift; path = CornerSpace.swift; sourceTree = "<group>"; };
		54D8D26329C9A81600EA6F66 /* CornerSpaceView.swift */ = {isa = PBXFileReference; lastKnownFileType = sourcecode.swift; path = CornerSpaceView.swift; sourceTree = "<group>"; };
		54D8D26629C9A8B600EA6F66 /* PointsEditor.swift */ = {isa = PBXFileReference; lastKnownFileType = sourcecode.swift; path = PointsEditor.swift; sourceTree = "<group>"; };
		54D8D26829C9A8C800EA6F66 /* PointsEditorView.swift */ = {isa = PBXFileReference; lastKnownFileType = sourcecode.swift; path = PointsEditorView.swift; sourceTree = "<group>"; };
		54D8D26B29C9A90000EA6F66 /* EditorDot.swift */ = {isa = PBXFileReference; lastKnownFileType = sourcecode.swift; path = EditorDot.swift; sourceTree = "<group>"; };
		54D8D26D29C9D0E800EA6F66 /* Dot.swift */ = {isa = PBXFileReference; lastKnownFileType = sourcecode.swift; path = Dot.swift; sourceTree = "<group>"; };
		54DA4EDA29CADBFB0055B5C0 /* RoundContourSpace.swift */ = {isa = PBXFileReference; lastKnownFileType = sourcecode.swift; path = RoundContourSpace.swift; sourceTree = "<group>"; };
		54DA4EDC29CADC070055B5C0 /* RoundContourSpaceView.swift */ = {isa = PBXFileReference; lastKnownFileType = sourcecode.swift; path = RoundContourSpaceView.swift; sourceTree = "<group>"; };
		54DA4EDF29CB1AC90055B5C0 /* SplitSpace.swift */ = {isa = PBXFileReference; lastKnownFileType = sourcecode.swift; path = SplitSpace.swift; sourceTree = "<group>"; };
		54DA4EE129CB1AD60055B5C0 /* SplitSpaceView.swift */ = {isa = PBXFileReference; lastKnownFileType = sourcecode.swift; path = SplitSpaceView.swift; sourceTree = "<group>"; };
		54DB42BC29C4DAF300072E51 /* FixSpaceView.swift */ = {isa = PBXFileReference; lastKnownFileType = sourcecode.swift; path = FixSpaceView.swift; sourceTree = "<group>"; };
		54DB42BE29C4DB1400072E51 /* FixSpace.swift */ = {isa = PBXFileReference; lastKnownFileType = sourcecode.swift; path = FixSpace.swift; sourceTree = "<group>"; };
		54DBBC0729C891BB0099F8B7 /* TesselationSpace.swift */ = {isa = PBXFileReference; lastKnownFileType = sourcecode.swift; path = TesselationSpace.swift; sourceTree = "<group>"; };
		54DBBC0929C891CE0099F8B7 /* TesselationSpaceView.swift */ = {isa = PBXFileReference; lastKnownFileType = sourcecode.swift; path = TesselationSpaceView.swift; sourceTree = "<group>"; };
		54DF340829C05EB200ED1BF8 /* TriangulationSpace.swift */ = {isa = PBXFileReference; lastKnownFileType = sourcecode.swift; path = TriangulationSpace.swift; sourceTree = "<group>"; };
		54DF340C29C05FD600ED1BF8 /* CGSize+Compare.swift */ = {isa = PBXFileReference; lastKnownFileType = sourcecode.swift; path = "CGSize+Compare.swift"; sourceTree = "<group>"; };
		54DF340E29C0643E00ED1BF8 /* TriangulationData.swift */ = {isa = PBXFileReference; lastKnownFileType = sourcecode.swift; path = TriangulationData.swift; sourceTree = "<group>"; };
		54DF341129C0673300ED1BF8 /* iShape */ = {isa = PBXFileReference; lastKnownFileType = wrapper; name = iShape; path = ../iShape; sourceTree = "<group>"; };
		54DF342B29C0844300ED1BF8 /* ShapeEditor.swift */ = {isa = PBXFileReference; lastKnownFileType = sourcecode.swift; path = ShapeEditor.swift; sourceTree = "<group>"; };
		54DF342D29C085B900ED1BF8 /* ShapeEditorView.swift */ = {isa = PBXFileReference; lastKnownFileType = sourcecode.swift; path = ShapeEditorView.swift; sourceTree = "<group>"; };
		54E4FFAF29E1A31100804447 /* iSpace */ = {isa = PBXFileReference; lastKnownFileType = wrapper; name = iSpace; path = ../../iBox/iSpace; sourceTree = "<group>"; };
		54E4FFB029E1A32B00804447 /* iNetBox */ = {isa = PBXFileReference; lastKnownFileType = wrapper; name = iNetBox; path = ../../iBox/iNetBox; sourceTree = "<group>"; };
		54E4FFB629E1A50D00804447 /* ConvexSpace.swift */ = {isa = PBXFileReference; lastKnownFileType = sourcecode.swift; path = ConvexSpace.swift; sourceTree = "<group>"; };
		54E4FFB829E1A51B00804447 /* ConvexSpaceView.swift */ = {isa = PBXFileReference; lastKnownFileType = sourcecode.swift; path = ConvexSpaceView.swift; sourceTree = "<group>"; };
		54EF051729C588D30099AB84 /* Color+hex.swift */ = {isa = PBXFileReference; lastKnownFileType = sourcecode.swift; path = "Color+hex.swift"; sourceTree = "<group>"; };
		54EF051929C588DF0099AB84 /* ColorStore.swift */ = {isa = PBXFileReference; lastKnownFileType = sourcecode.swift; path = ColorStore.swift; sourceTree = "<group>"; };
/* End PBXFileReference section */

/* Begin PBXFrameworksBuildPhase section */
		54649BA129BF5FAB00A0D526 /* Frameworks */ = {
			isa = PBXFrameworksBuildPhase;
			buildActionMask = 2147483647;
			files = (
				54E4FFB229E1A35000804447 /* iNetBox in Frameworks */,
				54DF341529C079B300ED1BF8 /* iShape in Frameworks */,
				54E4FFB429E1A35000804447 /* iSpace in Frameworks */,
			);
			runOnlyForDeploymentPostprocessing = 0;
		};
/* End PBXFrameworksBuildPhase section */

/* Begin PBXGroup section */
		54649B9B29BF5FAB00A0D526 = {
			isa = PBXGroup;
			children = (
				54DF341029C0673300ED1BF8 /* Packages */,
				54649BA629BF5FAB00A0D526 /* iShapeDebug */,
				54649BA529BF5FAB00A0D526 /* Products */,
				54DF341329C079B300ED1BF8 /* Frameworks */,
			);
			sourceTree = "<group>";
		};
		54649BA529BF5FAB00A0D526 /* Products */ = {
			isa = PBXGroup;
			children = (
				54649BA429BF5FAB00A0D526 /* iShapeDebug.app */,
			);
			name = Products;
			sourceTree = "<group>";
		};
		54649BA629BF5FAB00A0D526 /* iShapeDebug */ = {
			isa = PBXGroup;
			children = (
				54C1E35A29CF483A00C304CE /* Vector */,
				54D8D26A29C9A8ED00EA6F66 /* Editor */,
				54D8AEEA29C5FC9A00D78857 /* Util */,
				54D8AEE529C5EFB800D78857 /* View */,
				54EF051B29C594610099AB84 /* Space */,
				54EF051629C588C10099AB84 /* Color */,
				54649BBC29BF9A1900A0D526 /* Math */,
				54649BB629BF634E00A0D526 /* Main */,
				54649BA729BF5FAB00A0D526 /* iShapeDebugApp.swift */,
				54649BAB29BF5FAD00A0D526 /* Assets.xcassets */,
				54649BAD29BF5FAD00A0D526 /* iShapeDebug.entitlements */,
				54649BAE29BF5FAD00A0D526 /* Preview Content */,
			);
			path = iShapeDebug;
			sourceTree = "<group>";
		};
		54649BAE29BF5FAD00A0D526 /* Preview Content */ = {
			isa = PBXGroup;
			children = (
				54649BAF29BF5FAD00A0D526 /* Preview Assets.xcassets */,
			);
			path = "Preview Content";
			sourceTree = "<group>";
		};
		54649BB629BF634E00A0D526 /* Main */ = {
			isa = PBXGroup;
			children = (
				54649BA929BF5FAB00A0D526 /* MainView.swift */,
				54649BB729BF640300A0D526 /* Main+ViewModel.swift */,
				54649BBA29BF650B00A0D526 /* WorkSpace.swift */,
			);
			path = Main;
			sourceTree = "<group>";
		};
		54649BBC29BF9A1900A0D526 /* Math */ = {
			isa = PBXGroup;
			children = (
				54649BBD29BF9A5D00A0D526 /* Matrix.swift */,
				54649BBF29BF9A6B00A0D526 /* CGPoint+Vector.swift */,
				54DF340C29C05FD600ED1BF8 /* CGSize+Compare.swift */,
			);
			path = Math;
			sourceTree = "<group>";
		};
		54649BC129BF9FE200A0D526 /* Triangulation */ = {
			isa = PBXGroup;
			children = (
				54DF340829C05EB200ED1BF8 /* TriangulationSpace.swift */,
				54D8AEDE29C5EBB500D78857 /* TriangulationSpaceView.swift */,
				54DF340E29C0643E00ED1BF8 /* TriangulationData.swift */,
			);
			path = Triangulation;
			sourceTree = "<group>";
		};
		54649BC229BFA0AA00A0D526 /* ShapeEditor */ = {
			isa = PBXGroup;
			children = (
				54649BC329BFA0C300A0D526 /* ContourEditor.swift */,
				54649BC529BFA0D300A0D526 /* ContourEditorView.swift */,
				54DF342B29C0844300ED1BF8 /* ShapeEditor.swift */,
				54DF342D29C085B900ED1BF8 /* ShapeEditorView.swift */,
			);
			path = ShapeEditor;
			sourceTree = "<group>";
		};
		54C1E35529CF475500C304CE /* Anchor */ = {
			isa = PBXGroup;
			children = (
				54C1E35629CF478900C304CE /* AnchorSpace.swift */,
				54C1E35829CF479C00C304CE /* AnchorSpaceView.swift */,
				54C1E35D29CF5A9300C304CE /* AnchorSolver.swift */,
			);
			path = Anchor;
			sourceTree = "<group>";
		};
		54C1E35A29CF483A00C304CE /* Vector */ = {
			isa = PBXGroup;
			children = (
				54C1E35B29CF484A00C304CE /* VectorShape.swift */,
			);
			path = Vector;
			sourceTree = "<group>";
		};
		54D8AEE529C5EFB800D78857 /* View */ = {
			isa = PBXGroup;
			children = (
				54D8AEE629C5EFC800D78857 /* TestNavigator.swift */,
				54D8AEE829C5F00000D78857 /* TestNavigatorView.swift */,
			);
			path = View;
			sourceTree = "<group>";
		};
		54D8AEEA29C5FC9A00D78857 /* Util */ = {
			isa = PBXGroup;
			children = (
				54D8AEEB29C5FCA700D78857 /* PersistInt.swift */,
			);
			path = Util;
			sourceTree = "<group>";
		};
		54D8D26029C9A7A000EA6F66 /* Corner */ = {
			isa = PBXGroup;
			children = (
				54D8D26129C9A7BE00EA6F66 /* CornerSpace.swift */,
				54D8D26329C9A81600EA6F66 /* CornerSpaceView.swift */,
			);
			path = Corner;
			sourceTree = "<group>";
		};
		54D8D26529C9A89600EA6F66 /* PointsEditor */ = {
			isa = PBXGroup;
			children = (
				54D8D26629C9A8B600EA6F66 /* PointsEditor.swift */,
				54D8D26829C9A8C800EA6F66 /* PointsEditorView.swift */,
			);
			path = PointsEditor;
			sourceTree = "<group>";
		};
		54D8D26A29C9A8ED00EA6F66 /* Editor */ = {
			isa = PBXGroup;
			children = (
				54649BC229BFA0AA00A0D526 /* ShapeEditor */,
				54D8D26529C9A89600EA6F66 /* PointsEditor */,
				54D8D26B29C9A90000EA6F66 /* EditorDot.swift */,
				54D8AEE129C5ED3400D78857 /* Edge.swift */,
				54D8AEE329C5ED3F00D78857 /* EdgeKey.swift */,
				54D8D26D29C9D0E800EA6F66 /* Dot.swift */,
			);
			path = Editor;
			sourceTree = "<group>";
		};
		54DA4ED929CADBD90055B5C0 /* RoundContour */ = {
			isa = PBXGroup;
			children = (
				54DA4EDA29CADBFB0055B5C0 /* RoundContourSpace.swift */,
				54DA4EDC29CADC070055B5C0 /* RoundContourSpaceView.swift */,
			);
			path = RoundContour;
			sourceTree = "<group>";
		};
		54DA4EDE29CB1AB70055B5C0 /* Split */ = {
			isa = PBXGroup;
			children = (
				54DA4EDF29CB1AC90055B5C0 /* SplitSpace.swift */,
				54DA4EE129CB1AD60055B5C0 /* SplitSpaceView.swift */,
			);
			path = Split;
			sourceTree = "<group>";
		};
		54DB42BB29C4DAE300072E51 /* Fix */ = {
			isa = PBXGroup;
			children = (
				54DB42BC29C4DAF300072E51 /* FixSpaceView.swift */,
				54DB42BE29C4DB1400072E51 /* FixSpace.swift */,
			);
			path = Fix;
			sourceTree = "<group>";
		};
		54DBBC0629C8919D0099F8B7 /* Tesselation */ = {
			isa = PBXGroup;
			children = (
				54DBBC0729C891BB0099F8B7 /* TesselationSpace.swift */,
				54DBBC0929C891CE0099F8B7 /* TesselationSpaceView.swift */,
			);
			path = Tesselation;
			sourceTree = "<group>";
		};
		54DF341029C0673300ED1BF8 /* Packages */ = {
			isa = PBXGroup;
			children = (
				54DF341129C0673300ED1BF8 /* iShape */,
				54E4FFAF29E1A31100804447 /* iSpace */,
				54E4FFB029E1A32B00804447 /* iNetBox */,
			);
			name = Packages;
			sourceTree = "<group>";
		};
		54DF341329C079B300ED1BF8 /* Frameworks */ = {
			isa = PBXGroup;
			children = (
			);
			name = Frameworks;
			sourceTree = "<group>";
		};
		54E4FFB529E1A4F700804447 /* Convex */ = {
			isa = PBXGroup;
			children = (
				54E4FFB629E1A50D00804447 /* ConvexSpace.swift */,
				54E4FFB829E1A51B00804447 /* ConvexSpaceView.swift */,
			);
			path = Convex;
			sourceTree = "<group>";
		};
		54EF051629C588C10099AB84 /* Color */ = {
			isa = PBXGroup;
			children = (
				54EF051729C588D30099AB84 /* Color+hex.swift */,
				54EF051929C588DF0099AB84 /* ColorStore.swift */,
			);
			path = Color;
			sourceTree = "<group>";
		};
		54EF051B29C594610099AB84 /* Space */ = {
			isa = PBXGroup;
			children = (
				54E4FFB529E1A4F700804447 /* Convex */,
				54C1E35529CF475500C304CE /* Anchor */,
				54DA4EDE29CB1AB70055B5C0 /* Split */,
				54DA4ED929CADBD90055B5C0 /* RoundContour */,
				54D8D26029C9A7A000EA6F66 /* Corner */,
				54DBBC0629C8919D0099F8B7 /* Tesselation */,
				54DB42BB29C4DAE300072E51 /* Fix */,
				54649BC129BF9FE200A0D526 /* Triangulation */,
			);
			path = Space;
			sourceTree = "<group>";
		};
/* End PBXGroup section */

/* Begin PBXNativeTarget section */
		54649BA329BF5FAB00A0D526 /* iShapeDebug */ = {
			isa = PBXNativeTarget;
			buildConfigurationList = 54649BB329BF5FAD00A0D526 /* Build configuration list for PBXNativeTarget "iShapeDebug" */;
			buildPhases = (
				54649BA029BF5FAB00A0D526 /* Sources */,
				54649BA129BF5FAB00A0D526 /* Frameworks */,
				54649BA229BF5FAB00A0D526 /* Resources */,
			);
			buildRules = (
			);
			dependencies = (
			);
			name = iShapeDebug;
			packageProductDependencies = (
				54DF341429C079B300ED1BF8 /* iShape */,
				54E4FFB129E1A35000804447 /* iNetBox */,
				54E4FFB329E1A35000804447 /* iSpace */,
			);
			productName = iShapeDebug;
			productReference = 54649BA429BF5FAB00A0D526 /* iShapeDebug.app */;
			productType = "com.apple.product-type.application";
		};
/* End PBXNativeTarget section */

/* Begin PBXProject section */
		54649B9C29BF5FAB00A0D526 /* Project object */ = {
			isa = PBXProject;
			attributes = {
				BuildIndependentTargetsInParallel = 1;
				LastSwiftUpdateCheck = 1420;
				LastUpgradeCheck = 1420;
				TargetAttributes = {
					54649BA329BF5FAB00A0D526 = {
						CreatedOnToolsVersion = 14.2;
					};
				};
			};
			buildConfigurationList = 54649B9F29BF5FAB00A0D526 /* Build configuration list for PBXProject "iShapeDebug" */;
			compatibilityVersion = "Xcode 14.0";
			developmentRegion = en;
			hasScannedForEncodings = 0;
			knownRegions = (
				en,
				Base,
			);
			mainGroup = 54649B9B29BF5FAB00A0D526;
			productRefGroup = 54649BA529BF5FAB00A0D526 /* Products */;
			projectDirPath = "";
			projectRoot = "";
			targets = (
				54649BA329BF5FAB00A0D526 /* iShapeDebug */,
			);
		};
/* End PBXProject section */

/* Begin PBXResourcesBuildPhase section */
		54649BA229BF5FAB00A0D526 /* Resources */ = {
			isa = PBXResourcesBuildPhase;
			buildActionMask = 2147483647;
			files = (
				54649BB029BF5FAD00A0D526 /* Preview Assets.xcassets in Resources */,
				54649BAC29BF5FAD00A0D526 /* Assets.xcassets in Resources */,
			);
			runOnlyForDeploymentPostprocessing = 0;
		};
/* End PBXResourcesBuildPhase section */

/* Begin PBXSourcesBuildPhase section */
		54649BA029BF5FAB00A0D526 /* Sources */ = {
			isa = PBXSourcesBuildPhase;
			buildActionMask = 2147483647;
			files = (
				54DA4EDD29CADC070055B5C0 /* RoundContourSpaceView.swift in Sources */,
				54D8AEEC29C5FCA700D78857 /* PersistInt.swift in Sources */,
				54D8D26229C9A7BE00EA6F66 /* CornerSpace.swift in Sources */,
				54D8AEE429C5ED3F00D78857 /* EdgeKey.swift in Sources */,
				54EF051829C588D30099AB84 /* Color+hex.swift in Sources */,
				54DF340D29C05FD600ED1BF8 /* CGSize+Compare.swift in Sources */,
				54649BB829BF640300A0D526 /* Main+ViewModel.swift in Sources */,
				54C1E35E29CF5A9300C304CE /* AnchorSolver.swift in Sources */,
				54EF051A29C588DF0099AB84 /* ColorStore.swift in Sources */,
				54649BBE29BF9A5D00A0D526 /* Matrix.swift in Sources */,
				54C1E35929CF479C00C304CE /* AnchorSpaceView.swift in Sources */,
				54649BAA29BF5FAB00A0D526 /* MainView.swift in Sources */,
				54D8D26E29C9D0E800EA6F66 /* Dot.swift in Sources */,
				54D8D26429C9A81600EA6F66 /* CornerSpaceView.swift in Sources */,
				54649BC029BF9A6B00A0D526 /* CGPoint+Vector.swift in Sources */,
				54D8AEDF29C5EBB500D78857 /* TriangulationSpaceView.swift in Sources */,
				54D8D26929C9A8C800EA6F66 /* PointsEditorView.swift in Sources */,
				54DF340F29C0643E00ED1BF8 /* TriangulationData.swift in Sources */,
				54DF340929C05EB200ED1BF8 /* TriangulationSpace.swift in Sources */,
				54DA4EDB29CADBFB0055B5C0 /* RoundContourSpace.swift in Sources */,
				54D8AEE729C5EFC800D78857 /* TestNavigator.swift in Sources */,
				54DF342C29C0844300ED1BF8 /* ShapeEditor.swift in Sources */,
				54DBBC0829C891BB0099F8B7 /* TesselationSpace.swift in Sources */,
				54649BBB29BF650B00A0D526 /* WorkSpace.swift in Sources */,
				54DF342E29C085B900ED1BF8 /* ShapeEditorView.swift in Sources */,
				54DA4EE029CB1AC90055B5C0 /* SplitSpace.swift in Sources */,
				54649BA829BF5FAB00A0D526 /* iShapeDebugApp.swift in Sources */,
				54649BC429BFA0C300A0D526 /* ContourEditor.swift in Sources */,
				54D8D26729C9A8B600EA6F66 /* PointsEditor.swift in Sources */,
				54D8D26C29C9A90000EA6F66 /* EditorDot.swift in Sources */,
				54DB42BF29C4DB1400072E51 /* FixSpace.swift in Sources */,
				54649BC629BFA0D300A0D526 /* ContourEditorView.swift in Sources */,
				54D8AEE229C5ED3400D78857 /* Edge.swift in Sources */,
				54C1E35729CF478900C304CE /* AnchorSpace.swift in Sources */,
				54D8AEE929C5F00000D78857 /* TestNavigatorView.swift in Sources */,
				54E4FFB729E1A50D00804447 /* ConvexSpace.swift in Sources */,
				54C1E35C29CF484A00C304CE /* VectorShape.swift in Sources */,
				54DB42BD29C4DAF300072E51 /* FixSpaceView.swift in Sources */,
				54DA4EE229CB1AD60055B5C0 /* SplitSpaceView.swift in Sources */,
				54E4FFB929E1A51B00804447 /* ConvexSpaceView.swift in Sources */,
				54DBBC0A29C891CE0099F8B7 /* TesselationSpaceView.swift in Sources */,
			);
			runOnlyForDeploymentPostprocessing = 0;
		};
/* End PBXSourcesBuildPhase section */

/* Begin XCBuildConfiguration section */
		54649BB129BF5FAD00A0D526 /* Debug */ = {
			isa = XCBuildConfiguration;
			buildSettings = {
				ALWAYS_SEARCH_USER_PATHS = NO;
				CLANG_ANALYZER_NONNULL = YES;
				CLANG_ANALYZER_NUMBER_OBJECT_CONVERSION = YES_AGGRESSIVE;
				CLANG_CXX_LANGUAGE_STANDARD = "gnu++20";
				CLANG_ENABLE_MODULES = YES;
				CLANG_ENABLE_OBJC_ARC = YES;
				CLANG_ENABLE_OBJC_WEAK = YES;
				CLANG_WARN_BLOCK_CAPTURE_AUTORELEASING = YES;
				CLANG_WARN_BOOL_CONVERSION = YES;
				CLANG_WARN_COMMA = YES;
				CLANG_WARN_CONSTANT_CONVERSION = YES;
				CLANG_WARN_DEPRECATED_OBJC_IMPLEMENTATIONS = YES;
				CLANG_WARN_DIRECT_OBJC_ISA_USAGE = YES_ERROR;
				CLANG_WARN_DOCUMENTATION_COMMENTS = YES;
				CLANG_WARN_EMPTY_BODY = YES;
				CLANG_WARN_ENUM_CONVERSION = YES;
				CLANG_WARN_INFINITE_RECURSION = YES;
				CLANG_WARN_INT_CONVERSION = YES;
				CLANG_WARN_NON_LITERAL_NULL_CONVERSION = YES;
				CLANG_WARN_OBJC_IMPLICIT_RETAIN_SELF = YES;
				CLANG_WARN_OBJC_LITERAL_CONVERSION = YES;
				CLANG_WARN_OBJC_ROOT_CLASS = YES_ERROR;
				CLANG_WARN_QUOTED_INCLUDE_IN_FRAMEWORK_HEADER = YES;
				CLANG_WARN_RANGE_LOOP_ANALYSIS = YES;
				CLANG_WARN_STRICT_PROTOTYPES = YES;
				CLANG_WARN_SUSPICIOUS_MOVE = YES;
				CLANG_WARN_UNGUARDED_AVAILABILITY = YES_AGGRESSIVE;
				CLANG_WARN_UNREACHABLE_CODE = YES;
				CLANG_WARN__DUPLICATE_METHOD_MATCH = YES;
				COPY_PHASE_STRIP = NO;
				DEBUG_INFORMATION_FORMAT = dwarf;
				ENABLE_STRICT_OBJC_MSGSEND = YES;
				ENABLE_TESTABILITY = YES;
				GCC_C_LANGUAGE_STANDARD = gnu11;
				GCC_DYNAMIC_NO_PIC = NO;
				GCC_NO_COMMON_BLOCKS = YES;
				GCC_OPTIMIZATION_LEVEL = 0;
				GCC_PREPROCESSOR_DEFINITIONS = (
					"DEBUG=1",
					"$(inherited)",
				);
				GCC_WARN_64_TO_32_BIT_CONVERSION = YES;
				GCC_WARN_ABOUT_RETURN_TYPE = YES_ERROR;
				GCC_WARN_UNDECLARED_SELECTOR = YES;
				GCC_WARN_UNINITIALIZED_AUTOS = YES_AGGRESSIVE;
				GCC_WARN_UNUSED_FUNCTION = YES;
				GCC_WARN_UNUSED_VARIABLE = YES;
				MTL_ENABLE_DEBUG_INFO = INCLUDE_SOURCE;
				MTL_FAST_MATH = YES;
				ONLY_ACTIVE_ARCH = YES;
				SWIFT_ACTIVE_COMPILATION_CONDITIONS = DEBUG;
				SWIFT_OPTIMIZATION_LEVEL = "-Onone";
			};
			name = Debug;
		};
		54649BB229BF5FAD00A0D526 /* Release */ = {
			isa = XCBuildConfiguration;
			buildSettings = {
				ALWAYS_SEARCH_USER_PATHS = NO;
				CLANG_ANALYZER_NONNULL = YES;
				CLANG_ANALYZER_NUMBER_OBJECT_CONVERSION = YES_AGGRESSIVE;
				CLANG_CXX_LANGUAGE_STANDARD = "gnu++20";
				CLANG_ENABLE_MODULES = YES;
				CLANG_ENABLE_OBJC_ARC = YES;
				CLANG_ENABLE_OBJC_WEAK = YES;
				CLANG_WARN_BLOCK_CAPTURE_AUTORELEASING = YES;
				CLANG_WARN_BOOL_CONVERSION = YES;
				CLANG_WARN_COMMA = YES;
				CLANG_WARN_CONSTANT_CONVERSION = YES;
				CLANG_WARN_DEPRECATED_OBJC_IMPLEMENTATIONS = YES;
				CLANG_WARN_DIRECT_OBJC_ISA_USAGE = YES_ERROR;
				CLANG_WARN_DOCUMENTATION_COMMENTS = YES;
				CLANG_WARN_EMPTY_BODY = YES;
				CLANG_WARN_ENUM_CONVERSION = YES;
				CLANG_WARN_INFINITE_RECURSION = YES;
				CLANG_WARN_INT_CONVERSION = YES;
				CLANG_WARN_NON_LITERAL_NULL_CONVERSION = YES;
				CLANG_WARN_OBJC_IMPLICIT_RETAIN_SELF = YES;
				CLANG_WARN_OBJC_LITERAL_CONVERSION = YES;
				CLANG_WARN_OBJC_ROOT_CLASS = YES_ERROR;
				CLANG_WARN_QUOTED_INCLUDE_IN_FRAMEWORK_HEADER = YES;
				CLANG_WARN_RANGE_LOOP_ANALYSIS = YES;
				CLANG_WARN_STRICT_PROTOTYPES = YES;
				CLANG_WARN_SUSPICIOUS_MOVE = YES;
				CLANG_WARN_UNGUARDED_AVAILABILITY = YES_AGGRESSIVE;
				CLANG_WARN_UNREACHABLE_CODE = YES;
				CLANG_WARN__DUPLICATE_METHOD_MATCH = YES;
				COPY_PHASE_STRIP = NO;
				DEBUG_INFORMATION_FORMAT = "dwarf-with-dsym";
				ENABLE_NS_ASSERTIONS = NO;
				ENABLE_STRICT_OBJC_MSGSEND = YES;
				GCC_C_LANGUAGE_STANDARD = gnu11;
				GCC_NO_COMMON_BLOCKS = YES;
				GCC_WARN_64_TO_32_BIT_CONVERSION = YES;
				GCC_WARN_ABOUT_RETURN_TYPE = YES_ERROR;
				GCC_WARN_UNDECLARED_SELECTOR = YES;
				GCC_WARN_UNINITIALIZED_AUTOS = YES_AGGRESSIVE;
				GCC_WARN_UNUSED_FUNCTION = YES;
				GCC_WARN_UNUSED_VARIABLE = YES;
				MTL_ENABLE_DEBUG_INFO = NO;
				MTL_FAST_MATH = YES;
				SWIFT_COMPILATION_MODE = wholemodule;
				SWIFT_OPTIMIZATION_LEVEL = "-O";
			};
			name = Release;
		};
		54649BB429BF5FAD00A0D526 /* Debug */ = {
			isa = XCBuildConfiguration;
			buildSettings = {
				ASSETCATALOG_COMPILER_APPICON_NAME = AppIcon;
				ASSETCATALOG_COMPILER_GLOBAL_ACCENT_COLOR_NAME = AccentColor;
				CODE_SIGN_ENTITLEMENTS = iShapeDebug/iShapeDebug.entitlements;
				CODE_SIGN_STYLE = Automatic;
				CURRENT_PROJECT_VERSION = 1;
				DEVELOPMENT_ASSET_PATHS = "\"iShapeDebug/Preview Content\"";
				DEVELOPMENT_TEAM = HPV9E52JPX;
				ENABLE_HARDENED_RUNTIME = YES;
				ENABLE_PREVIEWS = YES;
				GENERATE_INFOPLIST_FILE = YES;
				INFOPLIST_KEY_LSApplicationCategoryType = "public.app-category.developer-tools";
				"INFOPLIST_KEY_UIApplicationSceneManifest_Generation[sdk=iphoneos*]" = YES;
				"INFOPLIST_KEY_UIApplicationSceneManifest_Generation[sdk=iphonesimulator*]" = YES;
				"INFOPLIST_KEY_UIApplicationSupportsIndirectInputEvents[sdk=iphoneos*]" = YES;
				"INFOPLIST_KEY_UIApplicationSupportsIndirectInputEvents[sdk=iphonesimulator*]" = YES;
				"INFOPLIST_KEY_UILaunchScreen_Generation[sdk=iphoneos*]" = YES;
				"INFOPLIST_KEY_UILaunchScreen_Generation[sdk=iphonesimulator*]" = YES;
				INFOPLIST_KEY_UIStatusBarStyle = "";
				"INFOPLIST_KEY_UIStatusBarStyle[sdk=iphoneos*]" = UIStatusBarStyleDefault;
				"INFOPLIST_KEY_UIStatusBarStyle[sdk=iphonesimulator*]" = UIStatusBarStyleDefault;
				INFOPLIST_KEY_UISupportedInterfaceOrientations_iPad = "UIInterfaceOrientationPortrait UIInterfaceOrientationPortraitUpsideDown UIInterfaceOrientationLandscapeLeft UIInterfaceOrientationLandscapeRight";
				INFOPLIST_KEY_UISupportedInterfaceOrientations_iPhone = "UIInterfaceOrientationPortrait UIInterfaceOrientationLandscapeLeft UIInterfaceOrientationLandscapeRight";
				IPHONEOS_DEPLOYMENT_TARGET = 16.0;
				LD_RUNPATH_SEARCH_PATHS = "@executable_path/Frameworks";
				"LD_RUNPATH_SEARCH_PATHS[sdk=macosx*]" = "@executable_path/../Frameworks";
				MACOSX_DEPLOYMENT_TARGET = 13.0;
				MARKETING_VERSION = 1.0;
				PRODUCT_BUNDLE_IDENTIFIER = com.nail.iShapeDebug;
				PRODUCT_NAME = "$(TARGET_NAME)";
				SDKROOT = auto;
				SUPPORTED_PLATFORMS = "iphoneos iphonesimulator macosx";
				SWIFT_EMIT_LOC_STRINGS = YES;
				SWIFT_VERSION = 5.0;
				TARGETED_DEVICE_FAMILY = "1,2";
			};
			name = Debug;
		};
		54649BB529BF5FAD00A0D526 /* Release */ = {
			isa = XCBuildConfiguration;
			buildSettings = {
				ASSETCATALOG_COMPILER_APPICON_NAME = AppIcon;
				ASSETCATALOG_COMPILER_GLOBAL_ACCENT_COLOR_NAME = AccentColor;
				CODE_SIGN_ENTITLEMENTS = iShapeDebug/iShapeDebug.entitlements;
				CODE_SIGN_STYLE = Automatic;
				CURRENT_PROJECT_VERSION = 1;
				DEVELOPMENT_ASSET_PATHS = "\"iShapeDebug/Preview Content\"";
				DEVELOPMENT_TEAM = HPV9E52JPX;
				ENABLE_HARDENED_RUNTIME = YES;
				ENABLE_PREVIEWS = YES;
				GENERATE_INFOPLIST_FILE = YES;
				INFOPLIST_KEY_LSApplicationCategoryType = "public.app-category.developer-tools";
				"INFOPLIST_KEY_UIApplicationSceneManifest_Generation[sdk=iphoneos*]" = YES;
				"INFOPLIST_KEY_UIApplicationSceneManifest_Generation[sdk=iphonesimulator*]" = YES;
				"INFOPLIST_KEY_UIApplicationSupportsIndirectInputEvents[sdk=iphoneos*]" = YES;
				"INFOPLIST_KEY_UIApplicationSupportsIndirectInputEvents[sdk=iphonesimulator*]" = YES;
				"INFOPLIST_KEY_UILaunchScreen_Generation[sdk=iphoneos*]" = YES;
				"INFOPLIST_KEY_UILaunchScreen_Generation[sdk=iphonesimulator*]" = YES;
				INFOPLIST_KEY_UIStatusBarStyle = "";
				"INFOPLIST_KEY_UIStatusBarStyle[sdk=iphoneos*]" = UIStatusBarStyleDefault;
				"INFOPLIST_KEY_UIStatusBarStyle[sdk=iphonesimulator*]" = UIStatusBarStyleDefault;
				INFOPLIST_KEY_UISupportedInterfaceOrientations_iPad = "UIInterfaceOrientationPortrait UIInterfaceOrientationPortraitUpsideDown UIInterfaceOrientationLandscapeLeft UIInterfaceOrientationLandscapeRight";
				INFOPLIST_KEY_UISupportedInterfaceOrientations_iPhone = "UIInterfaceOrientationPortrait UIInterfaceOrientationLandscapeLeft UIInterfaceOrientationLandscapeRight";
				IPHONEOS_DEPLOYMENT_TARGET = 16.0;
				LD_RUNPATH_SEARCH_PATHS = "@executable_path/Frameworks";
				"LD_RUNPATH_SEARCH_PATHS[sdk=macosx*]" = "@executable_path/../Frameworks";
				MACOSX_DEPLOYMENT_TARGET = 13.0;
				MARKETING_VERSION = 1.0;
				PRODUCT_BUNDLE_IDENTIFIER = com.nail.iShapeDebug;
				PRODUCT_NAME = "$(TARGET_NAME)";
				SDKROOT = auto;
				SUPPORTED_PLATFORMS = "iphoneos iphonesimulator macosx";
				SWIFT_EMIT_LOC_STRINGS = YES;
				SWIFT_VERSION = 5.0;
				TARGETED_DEVICE_FAMILY = "1,2";
			};
			name = Release;
		};
/* End XCBuildConfiguration section */

/* Begin XCConfigurationList section */
		54649B9F29BF5FAB00A0D526 /* Build configuration list for PBXProject "iShapeDebug" */ = {
			isa = XCConfigurationList;
			buildConfigurations = (
				54649BB129BF5FAD00A0D526 /* Debug */,
				54649BB229BF5FAD00A0D526 /* Release */,
			);
			defaultConfigurationIsVisible = 0;
			defaultConfigurationName = Release;
		};
		54649BB329BF5FAD00A0D526 /* Build configuration list for PBXNativeTarget "iShapeDebug" */ = {
			isa = XCConfigurationList;
			buildConfigurations = (
				54649BB429BF5FAD00A0D526 /* Debug */,
				54649BB529BF5FAD00A0D526 /* Release */,
			);
			defaultConfigurationIsVisible = 0;
			defaultConfigurationName = Release;
		};
/* End XCConfigurationList section */

/* Begin XCSwiftPackageProductDependency section */
		54DF341429C079B300ED1BF8 /* iShape */ = {
			isa = XCSwiftPackageProductDependency;
			productName = iShape;
		};
		54E4FFB129E1A35000804447 /* iNetBox */ = {
			isa = XCSwiftPackageProductDependency;
			productName = iNetBox;
		};
		54E4FFB329E1A35000804447 /* iSpace */ = {
			isa = XCSwiftPackageProductDependency;
			productName = iSpace;
		};
/* End XCSwiftPackageProductDependency section */
	};
	rootObject = 54649B9C29BF5FAB00A0D526 /* Project object */;
}
